
Microsoft Visual Studio Solution File, Format Version 12.00
# Visual Studio 14
VisualStudioVersion = 14.0.25420.1
MinimumVisualStudioVersion = 10.0.40219.1
Project("{2150E333-8FDC-42A3-9474-1A3956D46DE8}") = "Core", "Core", "{0D8D8D17-4C3D-4669-B655-DE82544EDB4B}"
EndProject
Project("{2150E333-8FDC-42A3-9474-1A3956D46DE8}") = "Business", "Business", "{3550BEEB-535A-4BF9-A496-BE9490FFC2E3}"
EndProject
Project("{2150E333-8FDC-42A3-9474-1A3956D46DE8}") = "Client", "Client", "{FF1A5295-3BF1-438C-BA77-980AF5FD90CC}"
EndProject
Project("{2150E333-8FDC-42A3-9474-1A3956D46DE8}") = "Test", "Test", "{49E5D41E-3F8A-4BFF-AB8C-B67C23363C34}"
EndProject
Project("{2150E333-8FDC-42A3-9474-1A3956D46DE8}") = "ResourceAccess", "ResourceAccess", "{045EA899-537C-428A-8524-D2BD82DE90FC}"
EndProject
Project("{8BB2217D-0F2D-49D1-97BC-3654ED321F3B}") = "Futsal.Web", "Futsal.Web\Futsal.Web.xproj", "{FF58FABC-A607-4359-A48D-ADE4CD8D79D0}"
EndProject
Project("{8BB2217D-0F2D-49D1-97BC-3654ED321F3B}") = "Core.Common", "Core.Common\Core.Common.xproj", "{2A31349D-A52F-4073-8E35-2CEFBBA4D903}"
EndProject
Project("{8BB2217D-0F2D-49D1-97BC-3654ED321F3B}") = "Core.Common.Contracts", "Core.Common.Contracts\Core.Common.Contracts.xproj", "{00C9B397-FB21-4547-BF3E-12901FE5CA9E}"
EndProject
Project("{8BB2217D-0F2D-49D1-97BC-3654ED321F3B}") = "Futsal.Data", "Futsal.Data\Futsal.Data.xproj", "{97E2B6A2-208A-4369-854F-E4F72FC48F4F}"
EndProject
Project("{8BB2217D-0F2D-49D1-97BC-3654ED321F3B}") = "Futsal.Data.Contracts", "Futsal.Data.Contracts\Futsal.Data.Contracts.xproj", "{429387A9-85FA-45BE-A28D-92ACBE3E65B9}"
EndProject
Project("{8BB2217D-0F2D-49D1-97BC-3654ED321F3B}") = "Futsal.Business.Entities", "Futsal.Business.Entities\Futsal.Business.Entities.xproj", "{4A1E0E06-79C2-48F6-95E9-90A7843D18BE}"
EndProject
Project("{8BB2217D-0F2D-49D1-97BC-3654ED321F3B}") = "Futsal.Tests", "Futsal.Tests\Futsal.Tests.xproj", "{D6741B91-E287-4765-AC9F-C631B0F235A9}"
EndProject
Project("{8BB2217D-0F2D-49D1-97BC-3654ED321F3B}") = "Futsal.Business.Bootstrapper", "Futsal.Business.Bootstrapper\Futsal.Business.Bootstrapper.xproj", "{F3B50864-FE43-4124-9149-0829885EC5B1}"
EndProject
Project("{8BB2217D-0F2D-49D1-97BC-3654ED321F3B}") = "Futsal.Data.Tests", "Futsal.Data.Tests\Futsal.Data.Tests.xproj", "{0AF44F89-FF8B-40D5-9FB8-02571C103C75}"
EndProject
Project("{8BB2217D-0F2D-49D1-97BC-3654ED321F3B}") = "Futsal.Business.Contracts", "Futsal.Business.Contracts\Futsal.Business.Contracts.xproj", "{93E63634-4C46-4932-841C-2D133F412D3E}"
EndProject
Project("{8BB2217D-0F2D-49D1-97BC-3654ED321F3B}") = "Futsal.Business.Managers", "Futsal.Business.Managers\Futsal.Business.Managers.xproj", "{04AD5C70-E047-4DC7-8A13-1B95CAC09E1F}"
EndProject
Project("{8BB2217D-0F2D-49D1-97BC-3654ED321F3B}") = "Futsal.Manager.Tests", "Futsal.Manager.Tests\Futsal.Manager.Tests.xproj", "{C4234B01-6D82-4966-BAF4-C211899C526F}"
EndProject
Project("{8BB2217D-0F2D-49D1-97BC-3654ED321F3B}") = "Futsal.Web.Tests", "Futsal.Web.Tests\Futsal.Web.Tests.xproj", "{B76EAC30-C92D-474D-9697-B9B3B3E0D1B0}"
EndProject
Project("{8BB2217D-0F2D-49D1-97BC-3654ED321F3B}") = "Fustal.Repository.Tests", "Fustal.Repository.Tests\Fustal.Repository.Tests.xproj", "{D42C0C5F-EE77-475B-9400-D537DA5ED850}"
EndProject
Global
	GlobalSection(SolutionConfigurationPlatforms) = preSolution
		Debug|Any CPU = Debug|Any CPU
		Release|Any CPU = Release|Any CPU
	EndGlobalSection
	GlobalSection(ProjectConfigurationPlatforms) = postSolution
		{FF58FABC-A607-4359-A48D-ADE4CD8D79D0}.Debug|Any CPU.ActiveCfg = Debug|Any CPU
		{FF58FABC-A607-4359-A48D-ADE4CD8D79D0}.Debug|Any CPU.Build.0 = Debug|Any CPU
		{FF58FABC-A607-4359-A48D-ADE4CD8D79D0}.Release|Any CPU.ActiveCfg = Release|Any CPU
		{FF58FABC-A607-4359-A48D-ADE4CD8D79D0}.Release|Any CPU.Build.0 = Release|Any CPU
		{2A31349D-A52F-4073-8E35-2CEFBBA4D903}.Debug|Any CPU.ActiveCfg = Debug|Any CPU
		{2A31349D-A52F-4073-8E35-2CEFBBA4D903}.Debug|Any CPU.Build.0 = Debug|Any CPU
		{2A31349D-A52F-4073-8E35-2CEFBBA4D903}.Release|Any CPU.ActiveCfg = Release|Any CPU
		{2A31349D-A52F-4073-8E35-2CEFBBA4D903}.Release|Any CPU.Build.0 = Release|Any CPU
		{00C9B397-FB21-4547-BF3E-12901FE5CA9E}.Debug|Any CPU.ActiveCfg = Debug|Any CPU
		{00C9B397-FB21-4547-BF3E-12901FE5CA9E}.Debug|Any CPU.Build.0 = Debug|Any CPU
		{00C9B397-FB21-4547-BF3E-12901FE5CA9E}.Release|Any CPU.ActiveCfg = Release|Any CPU
		{00C9B397-FB21-4547-BF3E-12901FE5CA9E}.Release|Any CPU.Build.0 = Release|Any CPU
		{97E2B6A2-208A-4369-854F-E4F72FC48F4F}.Debug|Any CPU.ActiveCfg = Debug|Any CPU
		{97E2B6A2-208A-4369-854F-E4F72FC48F4F}.Debug|Any CPU.Build.0 = Debug|Any CPU
		{97E2B6A2-208A-4369-854F-E4F72FC48F4F}.Release|Any CPU.ActiveCfg = Release|Any CPU
		{97E2B6A2-208A-4369-854F-E4F72FC48F4F}.Release|Any CPU.Build.0 = Release|Any CPU
		{429387A9-85FA-45BE-A28D-92ACBE3E65B9}.Debug|Any CPU.ActiveCfg = Debug|Any CPU
		{429387A9-85FA-45BE-A28D-92ACBE3E65B9}.Debug|Any CPU.Build.0 = Debug|Any CPU
		{429387A9-85FA-45BE-A28D-92ACBE3E65B9}.Release|Any CPU.ActiveCfg = Release|Any CPU
		{429387A9-85FA-45BE-A28D-92ACBE3E65B9}.Release|Any CPU.Build.0 = Release|Any CPU
		{4A1E0E06-79C2-48F6-95E9-90A7843D18BE}.Debug|Any CPU.ActiveCfg = Debug|Any CPU
		{4A1E0E06-79C2-48F6-95E9-90A7843D18BE}.Debug|Any CPU.Build.0 = Debug|Any CPU
		{4A1E0E06-79C2-48F6-95E9-90A7843D18BE}.Release|Any CPU.ActiveCfg = Release|Any CPU
		{4A1E0E06-79C2-48F6-95E9-90A7843D18BE}.Release|Any CPU.Build.0 = Release|Any CPU
		{D6741B91-E287-4765-AC9F-C631B0F235A9}.Debug|Any CPU.ActiveCfg = Debug|Any CPU
		{D6741B91-E287-4765-AC9F-C631B0F235A9}.Debug|Any CPU.Build.0 = Debug|Any CPU
		{D6741B91-E287-4765-AC9F-C631B0F235A9}.Release|Any CPU.ActiveCfg = Release|Any CPU
		{D6741B91-E287-4765-AC9F-C631B0F235A9}.Release|Any CPU.Build.0 = Release|Any CPU
		{F3B50864-FE43-4124-9149-0829885EC5B1}.Debug|Any CPU.ActiveCfg = Debug|Any CPU
		{F3B50864-FE43-4124-9149-0829885EC5B1}.Debug|Any CPU.Build.0 = Debug|Any CPU
		{F3B50864-FE43-4124-9149-0829885EC5B1}.Release|Any CPU.ActiveCfg = Release|Any CPU
		{F3B50864-FE43-4124-9149-0829885EC5B1}.Release|Any CPU.Build.0 = Release|Any CPU
		{0AF44F89-FF8B-40D5-9FB8-02571C103C75}.Debug|Any CPU.ActiveCfg = Debug|Any CPU
		{0AF44F89-FF8B-40D5-9FB8-02571C103C75}.Debug|Any CPU.Build.0 = Debug|Any CPU
		{0AF44F89-FF8B-40D5-9FB8-02571C103C75}.Release|Any CPU.ActiveCfg = Release|Any CPU
		{0AF44F89-FF8B-40D5-9FB8-02571C103C75}.Release|Any CPU.Build.0 = Release|Any CPU
		{93E63634-4C46-4932-841C-2D133F412D3E}.Debug|Any CPU.ActiveCfg = Debug|Any CPU
		{93E63634-4C46-4932-841C-2D133F412D3E}.Debug|Any CPU.Build.0 = Debug|Any CPU
		{93E63634-4C46-4932-841C-2D133F412D3E}.Release|Any CPU.ActiveCfg = Release|Any CPU
		{93E63634-4C46-4932-841C-2D133F412D3E}.Release|Any CPU.Build.0 = Release|Any CPU
		{04AD5C70-E047-4DC7-8A13-1B95CAC09E1F}.Debug|Any CPU.ActiveCfg = Debug|Any CPU
		{04AD5C70-E047-4DC7-8A13-1B95CAC09E1F}.Debug|Any CPU.Build.0 = Debug|Any CPU
		{04AD5C70-E047-4DC7-8A13-1B95CAC09E1F}.Release|Any CPU.ActiveCfg = Release|Any CPU
		{04AD5C70-E047-4DC7-8A13-1B95CAC09E1F}.Release|Any CPU.Build.0 = Release|Any CPU
		{C4234B01-6D82-4966-BAF4-C211899C526F}.Debug|Any CPU.ActiveCfg = Debug|Any CPU
		{C4234B01-6D82-4966-BAF4-C211899C526F}.Debug|Any CPU.Build.0 = Debug|Any CPU
		{C4234B01-6D82-4966-BAF4-C211899C526F}.Release|Any CPU.ActiveCfg = Release|Any CPU
		{C4234B01-6D82-4966-BAF4-C211899C526F}.Release|Any CPU.Build.0 = Release|Any CPU
		{B76EAC30-C92D-474D-9697-B9B3B3E0D1B0}.Debug|Any CPU.ActiveCfg = Debug|Any CPU
		{B76EAC30-C92D-474D-9697-B9B3B3E0D1B0}.Debug|Any CPU.Build.0 = Debug|Any CPU
		{B76EAC30-C92D-474D-9697-B9B3B3E0D1B0}.Release|Any CPU.ActiveCfg = Release|Any CPU
		{B76EAC30-C92D-474D-9697-B9B3B3E0D1B0}.Release|Any CPU.Build.0 = Release|Any CPU
		{D42C0C5F-EE77-475B-9400-D537DA5ED850}.Debug|Any CPU.ActiveCfg = Debug|Any CPU
		{D42C0C5F-EE77-475B-9400-D537DA5ED850}.Debug|Any CPU.Build.0 = Debug|Any CPU
		{D42C0C5F-EE77-475B-9400-D537DA5ED850}.Release|Any CPU.ActiveCfg = Release|Any CPU
		{D42C0C5F-EE77-475B-9400-D537DA5ED850}.Release|Any CPU.Build.0 = Release|Any CPU
	EndGlobalSection
	GlobalSection(SolutionProperties) = preSolution
		HideSolutionNode = FALSE
	EndGlobalSection
	GlobalSection(NestedProjects) = preSolution
		{FF58FABC-A607-4359-A48D-ADE4CD8D79D0} = {FF1A5295-3BF1-438C-BA77-980AF5FD90CC}
		{2A31349D-A52F-4073-8E35-2CEFBBA4D903} = {0D8D8D17-4C3D-4669-B655-DE82544EDB4B}
		{00C9B397-FB21-4547-BF3E-12901FE5CA9E} = {0D8D8D17-4C3D-4669-B655-DE82544EDB4B}
		{97E2B6A2-208A-4369-854F-E4F72FC48F4F} = {045EA899-537C-428A-8524-D2BD82DE90FC}
		{429387A9-85FA-45BE-A28D-92ACBE3E65B9} = {045EA899-537C-428A-8524-D2BD82DE90FC}
		{4A1E0E06-79C2-48F6-95E9-90A7843D18BE} = {3550BEEB-535A-4BF9-A496-BE9490FFC2E3}
		{D6741B91-E287-4765-AC9F-C631B0F235A9} = {49E5D41E-3F8A-4BFF-AB8C-B67C23363C34}
		{F3B50864-FE43-4124-9149-0829885EC5B1} = {3550BEEB-535A-4BF9-A496-BE9490FFC2E3}
		{0AF44F89-FF8B-40D5-9FB8-02571C103C75} = {49E5D41E-3F8A-4BFF-AB8C-B67C23363C34}
		{93E63634-4C46-4932-841C-2D133F412D3E} = {3550BEEB-535A-4BF9-A496-BE9490FFC2E3}
		{04AD5C70-E047-4DC7-8A13-1B95CAC09E1F} = {3550BEEB-535A-4BF9-A496-BE9490FFC2E3}
		{C4234B01-6D82-4966-BAF4-C211899C526F} = {49E5D41E-3F8A-4BFF-AB8C-B67C23363C34}
		{B76EAC30-C92D-474D-9697-B9B3B3E0D1B0} = {49E5D41E-3F8A-4BFF-AB8C-B67C23363C34}
		{D42C0C5F-EE77-475B-9400-D537DA5ED850} = {49E5D41E-3F8A-4BFF-AB8C-B67C23363C34}
	EndGlobalSection
EndGlobal
